{
  "originHash" : "deb5c7880baa23c7193d7115417bfb94914168ae8764bf54e92605b79fc2093c",
  "pins" : [
    {
      "identity" : "swift-package-canarigeometry",
      "kind" : "remoteSourceControl",
      "location" : "https://github.com/pierremolinaro/Swift-Package-CanariGeometry",
      "state" : {
        "revision" : "dd2201840a4b777e6e11d1bb06d9fae150307bdd"
      }
    }
  ],
  "version" : 3
}
