{
  "originHash" : "a0eb131265e6042d36d94aeec2192034b5cedf6e0a4576d1d19124c70829f124",
  "pins" : [
    {
      "identity" : "swift-package-canarigeometry",
      "kind" : "remoteSourceControl",
      "location" : "https://github.com/pierremolinaro/Swift-Package-CanariGeometry",
      "state" : {
        "revision" : "101db9cc2b49fa44bbd405153594daaf4bc01621"
      }
    }
  ],
  "version" : 3
}
