{
  "originHash" : "2fd9c64c43a7a55e5400923de571aa39e9074a421f2f55e7dabdbe85d83805ca",
  "pins" : [
    {
      "identity" : "swift-package-canarigeometry",
      "kind" : "remoteSourceControl",
      "location" : "https://github.com/pierremolinaro/Swift-Package-CanariGeometry",
      "state" : {
        "revision" : "c47dcec2b15b152568f2e929b978aa44a43ff699"
      }
    }
  ],
  "version" : 3
}
